
Microsoft Visual Studio Solution File, Format Version 12.00
# Visual Studio 15
Project("{FAE04EC0-301F-11D3-BF4B-00C04F79EFBC}") = "Assembly-CSharp", "Assembly-CSharp.csproj", "{12EA270E-1EE7-2873-D46F-419BD6A5D802}"
EndProject
Project("{FAE04EC0-301F-11D3-BF4B-00C04F79EFBC}") = "AssetUsageDetector.Editor", "AssetUsageDetector.Editor.csproj", "{59BC8395-BF8D-27E2-C607-338914941A5A}"
EndProject
Project("{FAE04EC0-301F-11D3-BF4B-00C04F79EFBC}") = "Assembly-CSharp-Editor", "Assembly-CSharp-Editor.csproj", "{B232534B-E77D-FCBE-8CBF-1C236B692863}"
EndProject
Global
	GlobalSection(SolutionConfigurationPlatforms) = preSolution
		Debug|Any CPU = Debug|Any CPU
		Release|Any CPU = Release|Any CPU
	EndGlobalSection
	GlobalSection(ProjectConfigurationPlatforms) = postSolution
		{12EA270E-1EE7-2873-D46F-419BD6A5D802}.Debug|Any CPU.ActiveCfg = Debug|Any CPU
		{12EA270E-1EE7-2873-D46F-419BD6A5D802}.Debug|Any CPU.Build.0 = Debug|Any CPU
		{12EA270E-1EE7-2873-D46F-419BD6A5D802}.Release|Any CPU.ActiveCfg = Release|Any CPU
		{12EA270E-1EE7-2873-D46F-419BD6A5D802}.Release|Any CPU.Build.0 = Release|Any CPU
		{59BC8395-BF8D-27E2-C607-338914941A5A}.Debug|Any CPU.ActiveCfg = Debug|Any CPU
		{59BC8395-BF8D-27E2-C607-338914941A5A}.Debug|Any CPU.Build.0 = Debug|Any CPU
		{59BC8395-BF8D-27E2-C607-338914941A5A}.Release|Any CPU.ActiveCfg = Release|Any CPU
		{59BC8395-BF8D-27E2-C607-338914941A5A}.Release|Any CPU.Build.0 = Release|Any CPU
		{B232534B-E77D-FCBE-8CBF-1C236B692863}.Debug|Any CPU.ActiveCfg = Debug|Any CPU
		{B232534B-E77D-FCBE-8CBF-1C236B692863}.Debug|Any CPU.Build.0 = Debug|Any CPU
		{B232534B-E77D-FCBE-8CBF-1C236B692863}.Release|Any CPU.ActiveCfg = Release|Any CPU
		{B232534B-E77D-FCBE-8CBF-1C236B692863}.Release|Any CPU.Build.0 = Release|Any CPU
	EndGlobalSection
	GlobalSection(SolutionProperties) = preSolution
		HideSolutionNode = FALSE
	EndGlobalSection
EndGlobal
